
Microsoft Visual Studio Solution File, Format Version 12.00
# Visual Studio Version 16
VisualStudioVersion = 16.0.31105.61
MinimumVisualStudioVersion = 10.0.40219.1
Project("{FAE04EC0-301F-11D3-BF4B-00C04F79EFBC}") = "Aula_18_03_21", "Aula_18_03_21.csproj", "{922B715C-CEB4-41A7-B6D0-3D5EBFEF1C62}"
EndProject
Project("{FAE04EC0-301F-11D3-BF4B-00C04F79EFBC}") = "Aula_25_03_21", "..\aula_25_03_21\Aula_25_03_21.csproj", "{77A97B67-AD86-4E25-8129-249315256110}"
EndProject
Project("{FAE04EC0-301F-11D3-BF4B-00C04F79EFBC}") = "MesDataExtenso", "..\MesDataExtenso\MesDataExtenso.csproj", "{391C08A9-98BF-4FF2-9034-B33CEC2C1D04}"
EndProject
Global
	GlobalSection(SolutionConfigurationPlatforms) = preSolution
		Debug|Any CPU = Debug|Any CPU
		Release|Any CPU = Release|Any CPU
	EndGlobalSection
	GlobalSection(ProjectConfigurationPlatforms) = postSolution
		{922B715C-CEB4-41A7-B6D0-3D5EBFEF1C62}.Debug|Any CPU.ActiveCfg = Debug|Any CPU
		{922B715C-CEB4-41A7-B6D0-3D5EBFEF1C62}.Debug|Any CPU.Build.0 = Debug|Any CPU
		{922B715C-CEB4-41A7-B6D0-3D5EBFEF1C62}.Release|Any CPU.ActiveCfg = Release|Any CPU
		{922B715C-CEB4-41A7-B6D0-3D5EBFEF1C62}.Release|Any CPU.Build.0 = Release|Any CPU
		{77A97B67-AD86-4E25-8129-249315256110}.Debug|Any CPU.ActiveCfg = Debug|Any CPU
		{77A97B67-AD86-4E25-8129-249315256110}.Debug|Any CPU.Build.0 = Debug|Any CPU
		{77A97B67-AD86-4E25-8129-249315256110}.Release|Any CPU.ActiveCfg = Release|Any CPU
		{77A97B67-AD86-4E25-8129-249315256110}.Release|Any CPU.Build.0 = Release|Any CPU
		{391C08A9-98BF-4FF2-9034-B33CEC2C1D04}.Debug|Any CPU.ActiveCfg = Debug|Any CPU
		{391C08A9-98BF-4FF2-9034-B33CEC2C1D04}.Debug|Any CPU.Build.0 = Debug|Any CPU
		{391C08A9-98BF-4FF2-9034-B33CEC2C1D04}.Release|Any CPU.ActiveCfg = Release|Any CPU
		{391C08A9-98BF-4FF2-9034-B33CEC2C1D04}.Release|Any CPU.Build.0 = Release|Any CPU
	EndGlobalSection
	GlobalSection(SolutionProperties) = preSolution
		HideSolutionNode = FALSE
	EndGlobalSection
	GlobalSection(ExtensibilityGlobals) = postSolution
		SolutionGuid = {32694CF4-8903-412F-89E8-650E8BF8765A}
	EndGlobalSection
EndGlobal
