
Microsoft Visual Studio Solution File, Format Version 12.00
# Visual Studio Version 16
VisualStudioVersion = 16.0.31105.61
MinimumVisualStudioVersion = 10.0.40219.1
Project("{FAE04EC0-301F-11D3-BF4B-00C04F79EFBC}") = "aula_25_03_21", "aula_25_03_21.csproj", "{77A97B67-AD86-4E25-8129-249315256110}"
EndProject
Global
	GlobalSection(SolutionConfigurationPlatforms) = preSolution
		Debug|Any CPU = Debug|Any CPU
		Release|Any CPU = Release|Any CPU
	EndGlobalSection
	GlobalSection(ProjectConfigurationPlatforms) = postSolution
		{77A97B67-AD86-4E25-8129-249315256110}.Debug|Any CPU.ActiveCfg = Debug|Any CPU
		{77A97B67-AD86-4E25-8129-249315256110}.Debug|Any CPU.Build.0 = Debug|Any CPU
		{77A97B67-AD86-4E25-8129-249315256110}.Release|Any CPU.ActiveCfg = Release|Any CPU
		{77A97B67-AD86-4E25-8129-249315256110}.Release|Any CPU.Build.0 = Release|Any CPU
	EndGlobalSection
	GlobalSection(SolutionProperties) = preSolution
		HideSolutionNode = FALSE
	EndGlobalSection
	GlobalSection(ExtensibilityGlobals) = postSolution
		SolutionGuid = {5CD64830-6DD7-43A2-B416-AAF4BA322CCC}
	EndGlobalSection
EndGlobal
